{
  "requires": true,
  "lockfileVersion": 1,
  "dependencies": {
    "aedes": {
      "version": "0.42.5",
      "resolved": "https://registry.npmjs.org/aedes/-/aedes-0.42.5.tgz",
      "integrity": "sha512-+4el6+e1rwR8U7hebjllezxdIu2BeKLG5FPV5se4uamKkAZQIkadOQ2qEa/kLQEmDtO2tAmQLqdeJh0pNRNwmA==",
      "requires": {
        "aedes-packet": "^2.3.1",
        "aedes-persistence": "^8.1.1",
        "aedes-protocol-decoder": "^1.0.0",
        "bulk-write-stream": "^2.0.1",
        "end-of-stream": "^1.4.4",
        "fastfall": "^1.5.1",
        "fastparallel": "^2.3.0",
        "fastseries": "^2.0.0",
        "mqemitter": "^4.2.0",
        "mqtt-packet": "^6.3.2",
        "proxy-protocol-js": "^4.0.4",
        "readable-stream": "^3.6.0",
        "retimer": "^2.0.0",
        "reusify": "^1.0.4",
        "shortid": "^2.2.15",
        "uuid": "^8.0.0"
      }
    },
    "aedes-packet": {
      "version": "2.3.1",
      "resolved": "https://registry.npmjs.org/aedes-packet/-/aedes-packet-2.3.1.tgz",
      "integrity": "sha512-LqBd57uc2rui2RbjycW17dylglejG26mM4ewVXGNDnVp/SUHFVEgm7d1HTmYrnSkSCNoHti042qgcTwv/F+BtQ==",
      "requires": {
        "mqtt-packet": "^6.3.0"
      }
    },
    "aedes-persistence": {
      "version": "8.1.1",
      "resolved": "https://registry.npmjs.org/aedes-persistence/-/aedes-persistence-8.1.1.tgz",
      "integrity": "sha512-Szvmkmk63LiCYmRDYv74Z/jTdYYstLdl8bWl7yANDlWUyEn3DIvMLJdgIdgfuTppobfFsb9biXAxjDpUWJDMlw==",
      "requires": {
        "aedes-packet": "^2.3.1",
        "from2": "^2.3.0",
        "qlobber": "^5.0.0"
      }
    },
    "aedes-protocol-decoder": {
      "version": "1.0.0",
      "resolved": "https://registry.npmjs.org/aedes-protocol-decoder/-/aedes-protocol-decoder-1.0.0.tgz",
      "integrity": "sha512-nzWwSetptIFFk0gXtXBvmBPUD6HwuZKeVm/8mRJqEKfBJ4ZnvgpcO5CFwEDzTi884jOWTIBaJAWll3QLYsOCFQ==",
      "requires": {
        "forwarded": "^0.1.2",
        "proxy-protocol-js": "^4.0.3"
      }
    },
    "base64-js": {
      "version": "1.3.1",
      "resolved": "https://registry.npmjs.org/base64-js/-/base64-js-1.3.1.tgz",
      "integrity": "sha512-mLQ4i2QO1ytvGWFWmcngKO//JXAQueZvwEKtjgQFM4jIK0kU+ytMfplL8j+n5mspOfjHwoAg+9yhb7BwAHm36g=="
    },
    "bl": {
      "version": "4.0.3",
      "resolved": "https://registry.npmjs.org/bl/-/bl-4.0.3.tgz",
      "integrity": "sha512-fs4G6/Hu4/EE+F75J8DuN/0IpQqNjAdC7aEQv7Qt8MHGUH7Ckv2MwTEEeN9QehD0pfIDkMI1bkHYkKy7xHyKIg==",
      "requires": {
        "buffer": "^5.5.0",
        "inherits": "^2.0.4",
        "readable-stream": "^3.4.0"
      }
    },
    "buffer": {
      "version": "5.6.0",
      "resolved": "https://registry.npmjs.org/buffer/-/buffer-5.6.0.tgz",
      "integrity": "sha512-/gDYp/UtU0eA1ys8bOs9J6a+E/KWIY+DZ+Q2WESNUA0jFRsJOc0SNUO6xJ5SGA1xueg3NL65W6s+NY5l9cunuw==",
      "requires": {
        "base64-js": "^1.0.2",
        "ieee754": "^1.1.4"
      }
    },
    "bulk-write-stream": {
      "version": "2.0.1",
      "resolved": "https://registry.npmjs.org/bulk-write-stream/-/bulk-write-stream-2.0.1.tgz",
      "integrity": "sha512-XWOLjgHtpDasHfwM8oO4df1JoZwa7/OwTsXDzh4rUTo+9CowzeOFBZz43w+H14h1fyq+xl28tVIBrdjcjj4Gug==",
      "requires": {
        "inherits": "^2.0.3",
        "readable-stream": "^3.1.1"
      }
    },
    "core-util-is": {
      "version": "1.0.2",
      "resolved": "https://registry.npmjs.org/core-util-is/-/core-util-is-1.0.2.tgz",
      "integrity": "sha1-tf1UIgqivFq1eqtxQMlAdUUDwac="
    },
    "debug": {
      "version": "4.1.1",
      "resolved": "https://registry.npmjs.org/debug/-/debug-4.1.1.tgz",
      "integrity": "sha512-pYAIzeRo8J6KPEaJ0VWOh5Pzkbw/RetuzehGM7QRRX5he4fPHx2rdKMB256ehJCkX+XRQm16eZLqLNS8RSZXZw==",
      "requires": {
        "ms": "^2.1.1"
      }
    },
    "end-of-stream": {
      "version": "1.4.4",
      "resolved": "https://registry.npmjs.org/end-of-stream/-/end-of-stream-1.4.4.tgz",
      "integrity": "sha512-+uw1inIHVPQoaVuHzRyXd21icM+cnt4CzD5rW+NC1wjOUSTOs+Te7FOv7AhN7vS9x/oIyhLP5PR1H+phQAHu5Q==",
      "requires": {
        "once": "^1.4.0"
      }
    },
    "fastfall": {
      "version": "1.5.1",
      "resolved": "https://registry.npmjs.org/fastfall/-/fastfall-1.5.1.tgz",
      "integrity": "sha1-P+4DMxpJ0dObPN96XpzWb0dee5Q=",
      "requires": {
        "reusify": "^1.0.0"
      }
    },
    "fastparallel": {
      "version": "2.4.0",
      "resolved": "https://registry.npmjs.org/fastparallel/-/fastparallel-2.4.0.tgz",
      "integrity": "sha512-sacwQ7wwKlQXsa7TN24UvMBLZNLmVcPhmxccC9riFqb3N+fSczJL8eWdnZodZ/KijGVgNBBfvF/NeXER08uXnQ==",
      "requires": {
        "reusify": "^1.0.4",
        "xtend": "^4.0.2"
      }
    },
    "fastseries": {
      "version": "2.0.0",
      "resolved": "https://registry.npmjs.org/fastseries/-/fastseries-2.0.0.tgz",
      "integrity": "sha512-XBU9RXeoYc2/VnvMhplAxEmZLfIk7cvTBu+xwoBuTI8pL19E03cmca17QQycKIdxgwCeFA/a4u27gv1h3ya5LQ=="
    },
    "forwarded": {
      "version": "0.1.2",
      "resolved": "https://registry.npmjs.org/forwarded/-/forwarded-0.1.2.tgz",
      "integrity": "sha1-mMI9qxF1ZXuMBXPozszZGw/xjIQ="
    },
    "from2": {
      "version": "2.3.0",
      "resolved": "https://registry.npmjs.org/from2/-/from2-2.3.0.tgz",
      "integrity": "sha1-i/tVAr3kpNNs/e6gB/zKIdfjgq8=",
      "requires": {
        "inherits": "^2.0.1",
        "readable-stream": "^2.0.0"
      },
      "dependencies": {
        "readable-stream": {
          "version": "2.3.7",
          "resolved": "https://registry.npmjs.org/readable-stream/-/readable-stream-2.3.7.tgz",
          "integrity": "sha512-Ebho8K4jIbHAxnuxi7o42OrZgF/ZTNcsZj6nRKyUmkhLFq8CHItp/fy6hQZuZmP/n3yZ9VBUbp4zz/mX8hmYPw==",
          "requires": {
            "core-util-is": "~1.0.0",
            "inherits": "~2.0.3",
            "isarray": "~1.0.0",
            "process-nextick-args": "~2.0.0",
            "safe-buffer": "~5.1.1",
            "string_decoder": "~1.1.1",
            "util-deprecate": "~1.0.1"
          }
        },
        "safe-buffer": {
          "version": "5.1.2",
          "resolved": "https://registry.npmjs.org/safe-buffer/-/safe-buffer-5.1.2.tgz",
          "integrity": "sha512-Gd2UZBJDkXlY7GbJxfsE8/nvKkUEU1G38c1siN6QP6a9PT9MmHB8GnpscSmMJSoF8LOIrt8ud/wPtojys4G6+g=="
        },
        "string_decoder": {
          "version": "1.1.1",
          "resolved": "https://registry.npmjs.org/string_decoder/-/string_decoder-1.1.1.tgz",
          "integrity": "sha512-n/ShnvDi6FHbbVfviro+WojiFzv+s8MPMHBczVePfUpDJLwoLT0ht1l4YwBCbi8pJAveEEdnkHyPyTP/mzRfwg==",
          "requires": {
            "safe-buffer": "~5.1.0"
          }
        }
      }
    },
    "ieee754": {
      "version": "1.1.13",
      "resolved": "https://registry.npmjs.org/ieee754/-/ieee754-1.1.13.tgz",
      "integrity": "sha512-4vf7I2LYV/HaWerSo3XmlMkp5eZ83i+/CDluXi/IGTs/O1sejBNhTtnxzmRZfvOUqj7lZjqHkeTvpgSFDlWZTg=="
    },
    "inherits": {
      "version": "2.0.4",
      "resolved": "https://registry.npmjs.org/inherits/-/inherits-2.0.4.tgz",
      "integrity": "sha512-k/vGaX4/Yla3WzyMCvTQOXYeIHvqOKtnqBduzTHpzpQZzAskKMhZ2K+EnBiSM9zGSoIFeMpXKxa4dYeZIQqewQ=="
    },
    "isarray": {
      "version": "1.0.0",
      "resolved": "https://registry.npmjs.org/isarray/-/isarray-1.0.0.tgz",
      "integrity": "sha1-u5NdSFgsuhaMBoNJV6VKPgcSTxE="
    },
    "mqemitter": {
      "version": "4.4.0",
      "resolved": "https://registry.npmjs.org/mqemitter/-/mqemitter-4.4.0.tgz",
      "integrity": "sha512-XWoue2+i4wLWxtPCRdZk3bNJc2+FhomyA3QzxBM4+4Iui/+iGLeubeShtKa8MwZ0HXVLJqWTMznkCsYs7xjiQQ==",
      "requires": {
        "fastparallel": "^2.3.0",
        "qlobber": "^5.0.0"
      }
    },
    "mqtt-packet": {
      "version": "6.6.0",
      "resolved": "https://registry.npmjs.org/mqtt-packet/-/mqtt-packet-6.6.0.tgz",
      "integrity": "sha512-LvghnKMFC70hKWMVykmhJarlO5e7lT3t9s9A2qPCUx+lazL3Mq55U+eCV0eLi7/nRRQYvEUWo/2tTo89EjnCJQ==",
      "requires": {
        "bl": "^4.0.2",
        "debug": "^4.1.1",
        "process-nextick-args": "^2.0.1"
      }
    },
    "ms": {
      "version": "2.1.2",
      "resolved": "https://registry.npmjs.org/ms/-/ms-2.1.2.tgz",
      "integrity": "sha512-sGkPx+VjMtmA6MX27oA4FBFELFCZZ4S4XqeGOXCv68tT+jb3vk/RyaKWP0PTKyWtmLSM0b+adUTEvbs1PEaH2w=="
    },
    "nanoid": {
      "version": "2.1.11",
      "resolved": "https://registry.npmjs.org/nanoid/-/nanoid-2.1.11.tgz",
      "integrity": "sha512-s/snB+WGm6uwi0WjsZdaVcuf3KJXlfGl2LcxgwkEwJF0D/BWzVWAZW/XY4bFaiR7s0Jk3FPvlnepg1H1b1UwlA=="
    },
    "once": {
      "version": "1.4.0",
      "resolved": "https://registry.npmjs.org/once/-/once-1.4.0.tgz",
      "integrity": "sha1-WDsap3WWHUsROsF9nFC6753Xa9E=",
      "requires": {
        "wrappy": "1"
      }
    },
    "process-nextick-args": {
      "version": "2.0.1",
      "resolved": "https://registry.npmjs.org/process-nextick-args/-/process-nextick-args-2.0.1.tgz",
      "integrity": "sha512-3ouUOpQhtgrbOa17J7+uxOTpITYWaGP7/AhoR3+A+/1e9skrzelGi/dXzEYyvbxubEF6Wn2ypscTKiKJFFn1ag=="
    },
    "proxy-protocol-js": {
      "version": "4.0.5",
      "resolved": "https://registry.npmjs.org/proxy-protocol-js/-/proxy-protocol-js-4.0.5.tgz",
      "integrity": "sha512-53BHGoSSquDJg7fyDrMKWa85jfF34LPKAeRSij+Eiktlh2YE4rAk5U9uba3mGRswE/grDiAi2mZWknbzbXiB9w=="
    },
    "qlobber": {
      "version": "5.0.3",
      "resolved": "https://registry.npmjs.org/qlobber/-/qlobber-5.0.3.tgz",
      "integrity": "sha512-wW4GTZPePyh0RgOsM18oDyOUlXfurVRgoNyJfS+y7VWPyd0GYhQp5T2tycZFZjonH+hngxIfklGJhTP/ghidgQ=="
    },
    "readable-stream": {
      "version": "3.6.0",
      "resolved": "https://registry.npmjs.org/readable-stream/-/readable-stream-3.6.0.tgz",
      "integrity": "sha512-BViHy7LKeTz4oNnkcLJ+lVSL6vpiFeX6/d3oSH8zCW7UxP2onchk+vTGB143xuFjHS3deTgkKoXXymXqymiIdA==",
      "requires": {
        "inherits": "^2.0.3",
        "string_decoder": "^1.1.1",
        "util-deprecate": "^1.0.1"
      }
    },
    "retimer": {
      "version": "2.0.0",
      "resolved": "https://registry.npmjs.org/retimer/-/retimer-2.0.0.tgz",
      "integrity": "sha512-KLXY85WkEq2V2bKex/LOO1ViXVn2KGYe4PYysAdYdjmraYIUsVkXu8O4am+8+5UbaaGl1qho4aqAAPHNQ4GSbg=="
    },
    "reusify": {
      "version": "1.0.4",
      "resolved": "https://registry.npmjs.org/reusify/-/reusify-1.0.4.tgz",
      "integrity": "sha512-U9nH88a3fc/ekCF1l0/UP1IosiuIjyTh7hBvXVMHYgVcfGvt897Xguj2UOLDeI5BG2m7/uwyaLVT6fbtCwTyzw=="
    },
    "safe-buffer": {
      "version": "5.2.1",
      "resolved": "https://registry.npmjs.org/safe-buffer/-/safe-buffer-5.2.1.tgz",
      "integrity": "sha512-rp3So07KcdmmKbGvgaNxQSJr7bGVSVk5S9Eq1F+ppbRo70+YeaDxkw5Dd8NPN+GD6bjnYm2VuPuCXmpuYvmCXQ=="
    },
    "shortid": {
      "version": "2.2.15",
      "resolved": "https://registry.npmjs.org/shortid/-/shortid-2.2.15.tgz",
      "integrity": "sha512-5EaCy2mx2Jgc/Fdn9uuDuNIIfWBpzY4XIlhoqtXF6qsf+/+SGZ+FxDdX/ZsMZiWupIWNqAEmiNY4RC+LSmCeOw==",
      "requires": {
        "nanoid": "^2.1.0"
      }
    },
    "string_decoder": {
      "version": "1.3.0",
      "resolved": "https://registry.npmjs.org/string_decoder/-/string_decoder-1.3.0.tgz",
      "integrity": "sha512-hkRX8U1WjJFd8LsDJ2yQ/wWWxaopEsABU1XfkM8A+j0+85JAGppt16cr1Whg6KIbb4okU6Mql6BOj+uup/wKeA==",
      "requires": {
        "safe-buffer": "~5.2.0"
      }
    },
    "util-deprecate": {
      "version": "1.0.2",
      "resolved": "https://registry.npmjs.org/util-deprecate/-/util-deprecate-1.0.2.tgz",
      "integrity": "sha1-RQ1Nyfpw3nMnYvvS1KKJgUGaDM8="
    },
    "uuid": {
      "version": "8.3.0",
      "resolved": "https://registry.npmjs.org/uuid/-/uuid-8.3.0.tgz",
      "integrity": "sha512-fX6Z5o4m6XsXBdli9g7DtWgAx+osMsRRZFKma1mIUsLCz6vRvv+pz5VNbyu9UEDzpMWulZfvpgb/cmDXVulYFQ=="
    },
    "wrappy": {
      "version": "1.0.2",
      "resolved": "https://registry.npmjs.org/wrappy/-/wrappy-1.0.2.tgz",
      "integrity": "sha1-tSQ9jz7BqjXxNkYFvA0QNuMKtp8="
    },
    "xtend": {
      "version": "4.0.2",
      "resolved": "https://registry.npmjs.org/xtend/-/xtend-4.0.2.tgz",
      "integrity": "sha512-LKYU1iAXJXUgAXn9URjiu+MWhyUXHsvfp7mcuYm9dSUKK0/CjtrUwFAxD82/mCWbtLsGjFIad0wIsod4zrTAEQ=="
    }
  }
}
